
Microsoft Visual Studio Solution File, Format Version 12.00
# Visual Studio 2015
Project("{FAE04EC0-301F-11D3-BF4B-00C04F79EFBC}") = "IDC_Graphics_Raytracing", "IDC_Graphics_Raytracing.csproj", "{32CE55BC-775E-FA9A-3F61-0612B53CC9E7}"
EndProject
Project("{FAE04EC0-301F-11D3-BF4B-00C04F79EFBC}") = "IDC_Graphics_Raytracing.Editor", "IDC_Graphics_Raytracing.Editor.csproj", "{EC0D33AC-787F-4674-0205-CB51B9502255}"
EndProject
Global
	GlobalSection(SolutionConfigurationPlatforms) = preSolution
		Debug|Any CPU = Debug|Any CPU
		Release|Any CPU = Release|Any CPU
	EndGlobalSection
	GlobalSection(ProjectConfigurationPlatforms) = postSolution
		{32CE55BC-775E-FA9A-3F61-0612B53CC9E7}.Debug|Any CPU.ActiveCfg = Debug|Any CPU
		{32CE55BC-775E-FA9A-3F61-0612B53CC9E7}.Debug|Any CPU.Build.0 = Debug|Any CPU
		{32CE55BC-775E-FA9A-3F61-0612B53CC9E7}.Release|Any CPU.ActiveCfg = Release|Any CPU
		{32CE55BC-775E-FA9A-3F61-0612B53CC9E7}.Release|Any CPU.Build.0 = Release|Any CPU
		{EC0D33AC-787F-4674-0205-CB51B9502255}.Debug|Any CPU.ActiveCfg = Debug|Any CPU
		{EC0D33AC-787F-4674-0205-CB51B9502255}.Debug|Any CPU.Build.0 = Debug|Any CPU
		{EC0D33AC-787F-4674-0205-CB51B9502255}.Release|Any CPU.ActiveCfg = Release|Any CPU
		{EC0D33AC-787F-4674-0205-CB51B9502255}.Release|Any CPU.Build.0 = Release|Any CPU
	EndGlobalSection
	GlobalSection(SolutionProperties) = preSolution
		HideSolutionNode = FALSE
	EndGlobalSection
EndGlobal
